
Microsoft Visual Studio Solution File, Format Version 12.00
# Visual Studio Version 17
VisualStudioVersion = 17.4.33110.190
MinimumVisualStudioVersion = 10.0.40219.1
Project("{9A19103F-16F7-4668-BE54-9A1E7A4F7556}") = "Activity4-AaronStarley", "Activity4-AaronStarley\Activity4-AaronStarley.csproj", "{89A0189F-59BC-476F-A32E-88B10A39347F}"
EndProject
Global
	GlobalSection(SolutionConfigurationPlatforms) = preSolution
		Debug|Any CPU = Debug|Any CPU
		Release|Any CPU = Release|Any CPU
	EndGlobalSection
	GlobalSection(ProjectConfigurationPlatforms) = postSolution
		{89A0189F-59BC-476F-A32E-88B10A39347F}.Debug|Any CPU.ActiveCfg = Debug|Any CPU
		{89A0189F-59BC-476F-A32E-88B10A39347F}.Debug|Any CPU.Build.0 = Debug|Any CPU
		{89A0189F-59BC-476F-A32E-88B10A39347F}.Release|Any CPU.ActiveCfg = Release|Any CPU
		{89A0189F-59BC-476F-A32E-88B10A39347F}.Release|Any CPU.Build.0 = Release|Any CPU
	EndGlobalSection
	GlobalSection(SolutionProperties) = preSolution
		HideSolutionNode = FALSE
	EndGlobalSection
	GlobalSection(ExtensibilityGlobals) = postSolution
		SolutionGuid = {BF6E215E-7EDD-400B-9643-99AA25292A59}
	EndGlobalSection
EndGlobal
