
Microsoft Visual Studio Solution File, Format Version 12.00
# Visual Studio Version 17
VisualStudioVersion = 17.3.32929.385
MinimumVisualStudioVersion = 10.0.40219.1
Project("{FAE04EC0-301F-11D3-BF4B-00C04F79EFBC}") = "Milestone2-AaronStarley", "Milestone2-AaronStarley\Milestone2-AaronStarley.csproj", "{9874391A-8CCD-4815-B143-0EA341438E4A}"
EndProject
Global
	GlobalSection(SolutionConfigurationPlatforms) = preSolution
		Debug|Any CPU = Debug|Any CPU
		Release|Any CPU = Release|Any CPU
	EndGlobalSection
	GlobalSection(ProjectConfigurationPlatforms) = postSolution
		{9874391A-8CCD-4815-B143-0EA341438E4A}.Debug|Any CPU.ActiveCfg = Debug|Any CPU
		{9874391A-8CCD-4815-B143-0EA341438E4A}.Debug|Any CPU.Build.0 = Debug|Any CPU
		{9874391A-8CCD-4815-B143-0EA341438E4A}.Release|Any CPU.ActiveCfg = Release|Any CPU
		{9874391A-8CCD-4815-B143-0EA341438E4A}.Release|Any CPU.Build.0 = Release|Any CPU
	EndGlobalSection
	GlobalSection(SolutionProperties) = preSolution
		HideSolutionNode = FALSE
	EndGlobalSection
	GlobalSection(ExtensibilityGlobals) = postSolution
		SolutionGuid = {26E77EC0-D615-4E9A-B5D2-FB7C9F717C80}
	EndGlobalSection
EndGlobal
