
Microsoft Visual Studio Solution File, Format Version 12.00
# Visual Studio Version 17
VisualStudioVersion = 17.3.32929.385
MinimumVisualStudioVersion = 10.0.40219.1
Project("{FAE04EC0-301F-11D3-BF4B-00C04F79EFBC}") = "Activity15-AaronStarley", "Activity15-AaronStarley\Activity15-AaronStarley.csproj", "{36C636EF-8B45-4319-A751-6A9204D9177B}"
EndProject
Global
	GlobalSection(SolutionConfigurationPlatforms) = preSolution
		Debug|Any CPU = Debug|Any CPU
		Release|Any CPU = Release|Any CPU
	EndGlobalSection
	GlobalSection(ProjectConfigurationPlatforms) = postSolution
		{36C636EF-8B45-4319-A751-6A9204D9177B}.Debug|Any CPU.ActiveCfg = Debug|Any CPU
		{36C636EF-8B45-4319-A751-6A9204D9177B}.Debug|Any CPU.Build.0 = Debug|Any CPU
		{36C636EF-8B45-4319-A751-6A9204D9177B}.Release|Any CPU.ActiveCfg = Release|Any CPU
		{36C636EF-8B45-4319-A751-6A9204D9177B}.Release|Any CPU.Build.0 = Release|Any CPU
	EndGlobalSection
	GlobalSection(SolutionProperties) = preSolution
		HideSolutionNode = FALSE
	EndGlobalSection
	GlobalSection(ExtensibilityGlobals) = postSolution
		SolutionGuid = {D5BCB398-4394-47D2-9732-F6723D23D001}
	EndGlobalSection
EndGlobal
